{
  "name": "amortizacion",
  "lockfileVersion": 3,
  "requires": true,
  "packages": {
    "": {
      "dependencies": {
        "directus-endpoint-amortizacion": "file:../.."
      }
    },
    "../..": {
      "name": "directus-endpoint-amortizacion",
      "version": "1.0.0",
      "devDependencies": {
        "@directus/extensions-sdk": "11.0.0",
        "vue": "^3.4.0"
      }
    },
    "node_modules/directus-endpoint-amortizacion": {
      "resolved": "../..",
      "link": true
    }
  }
}
