{
  "name": "middleware",
  "lockfileVersion": 3,
  "requires": true,
  "packages": {
    "": {
      "dependencies": {
        "middleware": "file:../.."
      }
    },
    "../..": {
      "version": "1.0.0",
      "license": "ISC",
      "dependencies": {
        "jsonwebtoken": "^9.0.3"
      },
      "devDependencies": {
        "@directus/extensions-sdk": "11.0.0",
        "vue": "^3.4.0"
      }
    },
    "node_modules/middleware": {
      "resolved": "../..",
      "link": true
    }
  }
}
